
Microsoft Visual Studio Solution File, Format Version 12.00
# Visual Studio 15
VisualStudioVersion = 15.0.28307.106
MinimumVisualStudioVersion = 10.0.40219.1
Project("{FAE04EC0-301F-11D3-BF4B-00C04F79EFBC}") = "PictureBase", "PictureBase\PictureBase.csproj", "{A866589B-56BB-477A-99ED-82B01BE18AAA}"
EndProject
Global
	GlobalSection(SolutionConfigurationPlatforms) = preSolution
		Debug|Any CPU = Debug|Any CPU
		Release|Any CPU = Release|Any CPU
	EndGlobalSection
	GlobalSection(ProjectConfigurationPlatforms) = postSolution
		{A866589B-56BB-477A-99ED-82B01BE18AAA}.Debug|Any CPU.ActiveCfg = Debug|Any CPU
		{A866589B-56BB-477A-99ED-82B01BE18AAA}.Debug|Any CPU.Build.0 = Debug|Any CPU
		{A866589B-56BB-477A-99ED-82B01BE18AAA}.Release|Any CPU.ActiveCfg = Release|Any CPU
		{A866589B-56BB-477A-99ED-82B01BE18AAA}.Release|Any CPU.Build.0 = Release|Any CPU
	EndGlobalSection
	GlobalSection(SolutionProperties) = preSolution
		HideSolutionNode = FALSE
	EndGlobalSection
	GlobalSection(ExtensibilityGlobals) = postSolution
		SolutionGuid = {86BFD964-7F19-4D2A-B711-20245501F2EC}
	EndGlobalSection
EndGlobal
